
Microsoft Visual Studio Solution File, Format Version 12.00
# Visual Studio Version 17
VisualStudioVersion = 17.4.33110.190
MinimumVisualStudioVersion = 10.0.40219.1
Project("{FAE04EC0-301F-11D3-BF4B-00C04F79EFBC}") = "GrpcService", "GrpcService\GrpcService.csproj", "{90E7E651-0CDB-4F5B-94DC-890E761CF6EB}"
EndProject
Global
	GlobalSection(SolutionConfigurationPlatforms) = preSolution
		Debug|Any CPU = Debug|Any CPU
		Release|Any CPU = Release|Any CPU
	EndGlobalSection
	GlobalSection(ProjectConfigurationPlatforms) = postSolution
		{90E7E651-0CDB-4F5B-94DC-890E761CF6EB}.Debug|Any CPU.ActiveCfg = Debug|Any CPU
		{90E7E651-0CDB-4F5B-94DC-890E761CF6EB}.Debug|Any CPU.Build.0 = Debug|Any CPU
		{90E7E651-0CDB-4F5B-94DC-890E761CF6EB}.Release|Any CPU.ActiveCfg = Release|Any CPU
		{90E7E651-0CDB-4F5B-94DC-890E761CF6EB}.Release|Any CPU.Build.0 = Release|Any CPU
	EndGlobalSection
	GlobalSection(SolutionProperties) = preSolution
		HideSolutionNode = FALSE
	EndGlobalSection
	GlobalSection(ExtensibilityGlobals) = postSolution
		SolutionGuid = {BE942E50-D761-429F-864B-09BFB2994C79}
	EndGlobalSection
EndGlobal
